<?xml version="1.0" encoding="utf-8"?>
<Project ToolsVersion="4.0" xmlns="http://schemas.microsoft.com/developer/msbuild/2003">
  <ItemGroup>
    <ClCompile Include="CArc\Arc.cpp" />
    <ClCompile Include="CException\CException.cpp" />
    <ClCompile Include="CGraph\CGraphNOriented.cpp" />
    <ClCompile Include="CGraph\CGraphOriented.cpp" />
    <ClCompile Include="CVertex\CVertex.cpp" />
    <ClCompile Include="GraphProject.cpp" />
  </ItemGroup>
  <ItemGroup>
    <ClInclude Include="CArc\Arc.h" />
    <ClInclude Include="CException\CException.h" />
    <ClInclude Include="CGraph\CGraphNOriented.h" />
    <ClInclude Include="CGraph\CGraphOriented.h" />
    <ClInclude Include="CVertex\CVertex.h" />
    <ClInclude Include="Utils.h" />
    <ClInclude Include="CPrintGraph.h" />
  </ItemGroup>
</Project>